
Microsoft Visual Studio Solution File, Format Version 12.00
# Visual Studio Version 17
VisualStudioVersion = 17.4.33213.308
MinimumVisualStudioVersion = 10.0.40219.1
Project("{FAE04EC0-301F-11D3-BF4B-00C04F79EFBC}") = "StreamReadAndWriteDemo", "StreamReadAndWriteDemo\StreamReadAndWriteDemo.csproj", "{FE77BA04-381E-44C5-A83D-2C929E382E88}"
EndProject
Global
	GlobalSection(SolutionConfigurationPlatforms) = preSolution
		Debug|Any CPU = Debug|Any CPU
		Release|Any CPU = Release|Any CPU
	EndGlobalSection
	GlobalSection(ProjectConfigurationPlatforms) = postSolution
		{FE77BA04-381E-44C5-A83D-2C929E382E88}.Debug|Any CPU.ActiveCfg = Debug|Any CPU
		{FE77BA04-381E-44C5-A83D-2C929E382E88}.Debug|Any CPU.Build.0 = Debug|Any CPU
		{FE77BA04-381E-44C5-A83D-2C929E382E88}.Release|Any CPU.ActiveCfg = Release|Any CPU
		{FE77BA04-381E-44C5-A83D-2C929E382E88}.Release|Any CPU.Build.0 = Release|Any CPU
	EndGlobalSection
	GlobalSection(SolutionProperties) = preSolution
		HideSolutionNode = FALSE
	EndGlobalSection
	GlobalSection(ExtensibilityGlobals) = postSolution
		SolutionGuid = {CCFDD41F-C0B0-427B-B9E9-9F2C1B990CA9}
	EndGlobalSection
EndGlobal
